
Microsoft Visual Studio Solution File, Format Version 12.00
# Visual Studio Version 17
VisualStudioVersion = 17.9.34616.47
MinimumVisualStudioVersion = 10.0.40219.1
Project("{FAE04EC0-301F-11D3-BF4B-00C04F79EFBC}") = "AbstractFactory", "AbstractFactory.csproj", "{0F74A44A-2646-48B2-A220-6B742185976C}"
EndProject
Global
	GlobalSection(SolutionConfigurationPlatforms) = preSolution
		Debug|Any CPU = Debug|Any CPU
		Release|Any CPU = Release|Any CPU
	EndGlobalSection
	GlobalSection(ProjectConfigurationPlatforms) = postSolution
		{0F74A44A-2646-48B2-A220-6B742185976C}.Debug|Any CPU.ActiveCfg = Debug|Any CPU
		{0F74A44A-2646-48B2-A220-6B742185976C}.Debug|Any CPU.Build.0 = Debug|Any CPU
		{0F74A44A-2646-48B2-A220-6B742185976C}.Release|Any CPU.ActiveCfg = Release|Any CPU
		{0F74A44A-2646-48B2-A220-6B742185976C}.Release|Any CPU.Build.0 = Release|Any CPU
	EndGlobalSection
	GlobalSection(SolutionProperties) = preSolution
		HideSolutionNode = FALSE
	EndGlobalSection
	GlobalSection(ExtensibilityGlobals) = postSolution
		SolutionGuid = {7CF39BB5-E3DE-4AF0-AB83-4FCFFF87BB52}
	EndGlobalSection
EndGlobal
